
Microsoft Visual Studio Solution File, Format Version 12.00
# Visual Studio Version 17
VisualStudioVersion = 17.9.34622.214
MinimumVisualStudioVersion = 10.0.40219.1
Project("{FAE04EC0-301F-11D3-BF4B-00C04F79EFBC}") = "Lab2-22521030-TranTienNhat", "Lab2-22521030-TranTienNhat.csproj", "{1899A43A-7105-4C6C-B292-A344DC3A6FC3}"
EndProject
Global
	GlobalSection(SolutionConfigurationPlatforms) = preSolution
		Debug|Any CPU = Debug|Any CPU
		Release|Any CPU = Release|Any CPU
	EndGlobalSection
	GlobalSection(ProjectConfigurationPlatforms) = postSolution
		{1899A43A-7105-4C6C-B292-A344DC3A6FC3}.Debug|Any CPU.ActiveCfg = Debug|Any CPU
		{1899A43A-7105-4C6C-B292-A344DC3A6FC3}.Debug|Any CPU.Build.0 = Debug|Any CPU
		{1899A43A-7105-4C6C-B292-A344DC3A6FC3}.Release|Any CPU.ActiveCfg = Release|Any CPU
		{1899A43A-7105-4C6C-B292-A344DC3A6FC3}.Release|Any CPU.Build.0 = Release|Any CPU
	EndGlobalSection
	GlobalSection(SolutionProperties) = preSolution
		HideSolutionNode = FALSE
	EndGlobalSection
	GlobalSection(ExtensibilityGlobals) = postSolution
		SolutionGuid = {42E591AA-EB90-4B89-8E84-75B5E000C1B1}
	EndGlobalSection
EndGlobal
